
Microsoft Visual Studio Solution File, Format Version 12.00
# Visual Studio Version 16
VisualStudioVersion = 16.0.28803.202
MinimumVisualStudioVersion = 10.0.40219.1
Project("{9A19103F-16F7-4668-BE54-9A1E7A4F7556}") = "NordicBlockchain", "NordicBlockchain\NordicBlockchain.csproj", "{ACCAAEFB-EE17-4D87-8926-9346A93E65F9}"
EndProject
Project("{9A19103F-16F7-4668-BE54-9A1E7A4F7556}") = "NBService", "NBService\NBService.csproj", "{C042B3C9-84D2-4C72-A0A4-0ECBF622B6BF}"
EndProject
Project("{FAE04EC0-301F-11D3-BF4B-00C04F79EFBC}") = "NBTester", "NBTester\NBTester.csproj", "{DADEEC1C-A089-4685-99F7-E08873893A4D}"
EndProject
Global
	GlobalSection(SolutionConfigurationPlatforms) = preSolution
		Debug|Any CPU = Debug|Any CPU
		Release|Any CPU = Release|Any CPU
	EndGlobalSection
	GlobalSection(ProjectConfigurationPlatforms) = postSolution
		{ACCAAEFB-EE17-4D87-8926-9346A93E65F9}.Debug|Any CPU.ActiveCfg = Debug|Any CPU
		{ACCAAEFB-EE17-4D87-8926-9346A93E65F9}.Debug|Any CPU.Build.0 = Debug|Any CPU
		{ACCAAEFB-EE17-4D87-8926-9346A93E65F9}.Release|Any CPU.ActiveCfg = Release|Any CPU
		{ACCAAEFB-EE17-4D87-8926-9346A93E65F9}.Release|Any CPU.Build.0 = Release|Any CPU
		{C042B3C9-84D2-4C72-A0A4-0ECBF622B6BF}.Debug|Any CPU.ActiveCfg = Debug|Any CPU
		{C042B3C9-84D2-4C72-A0A4-0ECBF622B6BF}.Debug|Any CPU.Build.0 = Debug|Any CPU
		{C042B3C9-84D2-4C72-A0A4-0ECBF622B6BF}.Release|Any CPU.ActiveCfg = Release|Any CPU
		{C042B3C9-84D2-4C72-A0A4-0ECBF622B6BF}.Release|Any CPU.Build.0 = Release|Any CPU
		{DADEEC1C-A089-4685-99F7-E08873893A4D}.Debug|Any CPU.ActiveCfg = Debug|Any CPU
		{DADEEC1C-A089-4685-99F7-E08873893A4D}.Debug|Any CPU.Build.0 = Debug|Any CPU
		{DADEEC1C-A089-4685-99F7-E08873893A4D}.Release|Any CPU.ActiveCfg = Release|Any CPU
		{DADEEC1C-A089-4685-99F7-E08873893A4D}.Release|Any CPU.Build.0 = Release|Any CPU
	EndGlobalSection
	GlobalSection(SolutionProperties) = preSolution
		HideSolutionNode = FALSE
	EndGlobalSection
	GlobalSection(ExtensibilityGlobals) = postSolution
		SolutionGuid = {77A6D610-A261-4339-8A2D-8B4AAFB1FDC1}
	EndGlobalSection
EndGlobal
